
Microsoft Visual Studio Solution File, Format Version 12.00
# Visual Studio Version 17
VisualStudioVersion = 17.4.33213.308
MinimumVisualStudioVersion = 10.0.40219.1
Project("{FAE04EC0-301F-11D3-BF4B-00C04F79EFBC}") = "IterationAssignment", "IterationAssignment\IterationAssignment.csproj", "{31250222-38DC-41A3-9675-2D6661451359}"
EndProject
Global
	GlobalSection(SolutionConfigurationPlatforms) = preSolution
		Debug|Any CPU = Debug|Any CPU
		Release|Any CPU = Release|Any CPU
	EndGlobalSection
	GlobalSection(ProjectConfigurationPlatforms) = postSolution
		{31250222-38DC-41A3-9675-2D6661451359}.Debug|Any CPU.ActiveCfg = Debug|Any CPU
		{31250222-38DC-41A3-9675-2D6661451359}.Debug|Any CPU.Build.0 = Debug|Any CPU
		{31250222-38DC-41A3-9675-2D6661451359}.Release|Any CPU.ActiveCfg = Release|Any CPU
		{31250222-38DC-41A3-9675-2D6661451359}.Release|Any CPU.Build.0 = Release|Any CPU
	EndGlobalSection
	GlobalSection(SolutionProperties) = preSolution
		HideSolutionNode = FALSE
	EndGlobalSection
	GlobalSection(ExtensibilityGlobals) = postSolution
		SolutionGuid = {B46DA1A2-906B-467E-B4B7-F092DF36EB96}
	EndGlobalSection
EndGlobal
