
Microsoft Visual Studio Solution File, Format Version 12.00
# Visual Studio Version 17
VisualStudioVersion = 17.4.33213.308
MinimumVisualStudioVersion = 10.0.40219.1
Project("{FAE04EC0-301F-11D3-BF4B-00C04F79EFBC}") = "Constructor", "Constructor\Constructor.csproj", "{49BD19A4-33C1-44A3-B5DF-0BE517F394D5}"
EndProject
Global
	GlobalSection(SolutionConfigurationPlatforms) = preSolution
		Debug|Any CPU = Debug|Any CPU
		Release|Any CPU = Release|Any CPU
	EndGlobalSection
	GlobalSection(ProjectConfigurationPlatforms) = postSolution
		{49BD19A4-33C1-44A3-B5DF-0BE517F394D5}.Debug|Any CPU.ActiveCfg = Debug|Any CPU
		{49BD19A4-33C1-44A3-B5DF-0BE517F394D5}.Debug|Any CPU.Build.0 = Debug|Any CPU
		{49BD19A4-33C1-44A3-B5DF-0BE517F394D5}.Release|Any CPU.ActiveCfg = Release|Any CPU
		{49BD19A4-33C1-44A3-B5DF-0BE517F394D5}.Release|Any CPU.Build.0 = Release|Any CPU
	EndGlobalSection
	GlobalSection(SolutionProperties) = preSolution
		HideSolutionNode = FALSE
	EndGlobalSection
	GlobalSection(ExtensibilityGlobals) = postSolution
		SolutionGuid = {043A7FA0-8FD5-4154-BE69-7DF540B1B0A4}
	EndGlobalSection
EndGlobal
