
Microsoft Visual Studio Solution File, Format Version 12.00
# Visual Studio Version 17
VisualStudioVersion = 17.4.33213.308
MinimumVisualStudioVersion = 10.0.40219.1
Project("{FAE04EC0-301F-11D3-BF4B-00C04F79EFBC}") = "ParsingEnums", "ParsingEnums\ParsingEnums.csproj", "{ED08D1B5-0F44-4D1C-9E5F-8F8896FA8A21}"
EndProject
Global
	GlobalSection(SolutionConfigurationPlatforms) = preSolution
		Debug|Any CPU = Debug|Any CPU
		Release|Any CPU = Release|Any CPU
	EndGlobalSection
	GlobalSection(ProjectConfigurationPlatforms) = postSolution
		{ED08D1B5-0F44-4D1C-9E5F-8F8896FA8A21}.Debug|Any CPU.ActiveCfg = Debug|Any CPU
		{ED08D1B5-0F44-4D1C-9E5F-8F8896FA8A21}.Debug|Any CPU.Build.0 = Debug|Any CPU
		{ED08D1B5-0F44-4D1C-9E5F-8F8896FA8A21}.Release|Any CPU.ActiveCfg = Release|Any CPU
		{ED08D1B5-0F44-4D1C-9E5F-8F8896FA8A21}.Release|Any CPU.Build.0 = Release|Any CPU
	EndGlobalSection
	GlobalSection(SolutionProperties) = preSolution
		HideSolutionNode = FALSE
	EndGlobalSection
	GlobalSection(ExtensibilityGlobals) = postSolution
		SolutionGuid = {3F8144A2-2BDB-43EE-87B2-D6C224798FC8}
	EndGlobalSection
EndGlobal
