
Microsoft Visual Studio Solution File, Format Version 12.00
# Visual Studio Version 17
VisualStudioVersion = 17.4.33213.308
MinimumVisualStudioVersion = 10.0.40219.1
Project("{FAE04EC0-301F-11D3-BF4B-00C04F79EFBC}") = "OverloadOperators", "OverloadOperators\OverloadOperators.csproj", "{5E3BD8C5-5401-420B-8043-9E47EE4849FB}"
EndProject
Global
	GlobalSection(SolutionConfigurationPlatforms) = preSolution
		Debug|Any CPU = Debug|Any CPU
		Release|Any CPU = Release|Any CPU
	EndGlobalSection
	GlobalSection(ProjectConfigurationPlatforms) = postSolution
		{5E3BD8C5-5401-420B-8043-9E47EE4849FB}.Debug|Any CPU.ActiveCfg = Debug|Any CPU
		{5E3BD8C5-5401-420B-8043-9E47EE4849FB}.Debug|Any CPU.Build.0 = Debug|Any CPU
		{5E3BD8C5-5401-420B-8043-9E47EE4849FB}.Release|Any CPU.ActiveCfg = Release|Any CPU
		{5E3BD8C5-5401-420B-8043-9E47EE4849FB}.Release|Any CPU.Build.0 = Release|Any CPU
	EndGlobalSection
	GlobalSection(SolutionProperties) = preSolution
		HideSolutionNode = FALSE
	EndGlobalSection
	GlobalSection(ExtensibilityGlobals) = postSolution
		SolutionGuid = {17EDBB05-80C5-476B-A888-0197D717CE78}
	EndGlobalSection
EndGlobal
