
Microsoft Visual Studio Solution File, Format Version 12.00
# Visual Studio Version 17
VisualStudioVersion = 17.4.33213.308
MinimumVisualStudioVersion = 10.0.40219.1
Project("{FAE04EC0-301F-11D3-BF4B-00C04F79EFBC}") = "Polymorphism", "Polymorphism\Polymorphism.csproj", "{C288B17C-A2E8-4968-A8E7-708B94049DD6}"
EndProject
Global
	GlobalSection(SolutionConfigurationPlatforms) = preSolution
		Debug|Any CPU = Debug|Any CPU
		Release|Any CPU = Release|Any CPU
	EndGlobalSection
	GlobalSection(ProjectConfigurationPlatforms) = postSolution
		{C288B17C-A2E8-4968-A8E7-708B94049DD6}.Debug|Any CPU.ActiveCfg = Debug|Any CPU
		{C288B17C-A2E8-4968-A8E7-708B94049DD6}.Debug|Any CPU.Build.0 = Debug|Any CPU
		{C288B17C-A2E8-4968-A8E7-708B94049DD6}.Release|Any CPU.ActiveCfg = Release|Any CPU
		{C288B17C-A2E8-4968-A8E7-708B94049DD6}.Release|Any CPU.Build.0 = Release|Any CPU
	EndGlobalSection
	GlobalSection(SolutionProperties) = preSolution
		HideSolutionNode = FALSE
	EndGlobalSection
	GlobalSection(ExtensibilityGlobals) = postSolution
		SolutionGuid = {9A79B12D-A19F-4EC8-B9F1-17772837878E}
	EndGlobalSection
EndGlobal
