
Microsoft Visual Studio Solution File, Format Version 12.00
# Visual Studio Version 17
VisualStudioVersion = 17.4.33213.308
MinimumVisualStudioVersion = 10.0.40219.1
Project("{FAE04EC0-301F-11D3-BF4B-00C04F79EFBC}") = "Parameters", "Parameters\Parameters.csproj", "{063595FB-2D99-4D56-90F9-D278FE8A43DA}"
EndProject
Global
	GlobalSection(SolutionConfigurationPlatforms) = preSolution
		Debug|Any CPU = Debug|Any CPU
		Release|Any CPU = Release|Any CPU
	EndGlobalSection
	GlobalSection(ProjectConfigurationPlatforms) = postSolution
		{063595FB-2D99-4D56-90F9-D278FE8A43DA}.Debug|Any CPU.ActiveCfg = Debug|Any CPU
		{063595FB-2D99-4D56-90F9-D278FE8A43DA}.Debug|Any CPU.Build.0 = Debug|Any CPU
		{063595FB-2D99-4D56-90F9-D278FE8A43DA}.Release|Any CPU.ActiveCfg = Release|Any CPU
		{063595FB-2D99-4D56-90F9-D278FE8A43DA}.Release|Any CPU.Build.0 = Release|Any CPU
	EndGlobalSection
	GlobalSection(SolutionProperties) = preSolution
		HideSolutionNode = FALSE
	EndGlobalSection
	GlobalSection(ExtensibilityGlobals) = postSolution
		SolutionGuid = {74A88CAA-3011-4FDD-AA06-BF77BB74A71A}
	EndGlobalSection
EndGlobal
