
Microsoft Visual Studio Solution File, Format Version 12.00
# Visual Studio Version 17
VisualStudioVersion = 17.4.33213.308
MinimumVisualStudioVersion = 10.0.40219.1
Project("{FAE04EC0-301F-11D3-BF4B-00C04F79EFBC}") = "MainMethodSubmission", "MainMethodSubmission\MainMethodSubmission.csproj", "{A364D7F0-1B5F-41F2-BCEE-4265BF60CA14}"
EndProject
Global
	GlobalSection(SolutionConfigurationPlatforms) = preSolution
		Debug|Any CPU = Debug|Any CPU
		Release|Any CPU = Release|Any CPU
	EndGlobalSection
	GlobalSection(ProjectConfigurationPlatforms) = postSolution
		{A364D7F0-1B5F-41F2-BCEE-4265BF60CA14}.Debug|Any CPU.ActiveCfg = Debug|Any CPU
		{A364D7F0-1B5F-41F2-BCEE-4265BF60CA14}.Debug|Any CPU.Build.0 = Debug|Any CPU
		{A364D7F0-1B5F-41F2-BCEE-4265BF60CA14}.Release|Any CPU.ActiveCfg = Release|Any CPU
		{A364D7F0-1B5F-41F2-BCEE-4265BF60CA14}.Release|Any CPU.Build.0 = Release|Any CPU
	EndGlobalSection
	GlobalSection(SolutionProperties) = preSolution
		HideSolutionNode = FALSE
	EndGlobalSection
	GlobalSection(ExtensibilityGlobals) = postSolution
		SolutionGuid = {8186CEBE-567E-481A-9A88-D32AE8935C4C}
	EndGlobalSection
EndGlobal
